
Microsoft Visual Studio Solution File, Format Version 12.00
# Visual Studio Version 16
VisualStudioVersion = 16.0.30114.105
MinimumVisualStudioVersion = 10.0.40219.1
Project("{FAE04EC0-301F-11D3-BF4B-00C04F79EFBC}") = "GeoLocator.API", "GeoLocator.API\GeoLocator.API\GeoLocator.API.csproj", "{0F1AD156-DD42-49BA-AE25-7CEE7573A996}"
EndProject
Project("{FAE04EC0-301F-11D3-BF4B-00C04F79EFBC}") = "GeoLocator.Core", "GeoLocator.Core\GeoLocator.Core\GeoLocator.Core.csproj", "{158DBC2A-C1DC-416F-96D6-FF5580191696}"
EndProject
Project("{FAE04EC0-301F-11D3-BF4B-00C04F79EFBC}") = "GeoLocator.QueuConsumer", "GeoLocator.QueuConsumer\GeoLocator.QueuConsumer\GeoLocator.QueuConsumer.csproj", "{010A604A-926E-4534-821E-7DA447444B28}"
EndProject
Global
	GlobalSection(SolutionConfigurationPlatforms) = preSolution
		Debug|Any CPU = Debug|Any CPU
		Release|Any CPU = Release|Any CPU
	EndGlobalSection
	GlobalSection(ProjectConfigurationPlatforms) = postSolution
		{0F1AD156-DD42-49BA-AE25-7CEE7573A996}.Debug|Any CPU.ActiveCfg = Debug|Any CPU
		{0F1AD156-DD42-49BA-AE25-7CEE7573A996}.Debug|Any CPU.Build.0 = Debug|Any CPU
		{0F1AD156-DD42-49BA-AE25-7CEE7573A996}.Release|Any CPU.ActiveCfg = Release|Any CPU
		{0F1AD156-DD42-49BA-AE25-7CEE7573A996}.Release|Any CPU.Build.0 = Release|Any CPU
		{158DBC2A-C1DC-416F-96D6-FF5580191696}.Debug|Any CPU.ActiveCfg = Debug|Any CPU
		{158DBC2A-C1DC-416F-96D6-FF5580191696}.Debug|Any CPU.Build.0 = Debug|Any CPU
		{158DBC2A-C1DC-416F-96D6-FF5580191696}.Release|Any CPU.ActiveCfg = Release|Any CPU
		{158DBC2A-C1DC-416F-96D6-FF5580191696}.Release|Any CPU.Build.0 = Release|Any CPU
		{010A604A-926E-4534-821E-7DA447444B28}.Debug|Any CPU.ActiveCfg = Debug|Any CPU
		{010A604A-926E-4534-821E-7DA447444B28}.Debug|Any CPU.Build.0 = Debug|Any CPU
		{010A604A-926E-4534-821E-7DA447444B28}.Release|Any CPU.ActiveCfg = Release|Any CPU
		{010A604A-926E-4534-821E-7DA447444B28}.Release|Any CPU.Build.0 = Release|Any CPU
	EndGlobalSection
	GlobalSection(SolutionProperties) = preSolution
		HideSolutionNode = FALSE
	EndGlobalSection
	GlobalSection(ExtensibilityGlobals) = postSolution
		SolutionGuid = {8B2DD939-539A-4A8E-98EB-24D9BADADFA7}
	EndGlobalSection
EndGlobal
